
Microsoft Visual Studio Solution File, Format Version 12.00
# Visual Studio Version 17
VisualStudioVersion = 17.11.35312.102
MinimumVisualStudioVersion = 10.0.40219.1
Project("{FAE04EC0-301F-11D3-BF4B-00C04F79EFBC}") = "DigitalBookViewer", "BookManager\DigitalBookViewer.csproj", "{CC0086EE-9603-4B23-B106-E06BB9C272BC}"
EndProject
Global
	GlobalSection(SolutionConfigurationPlatforms) = preSolution
		Debug|Any CPU = Debug|Any CPU
		Release|Any CPU = Release|Any CPU
	EndGlobalSection
	GlobalSection(ProjectConfigurationPlatforms) = postSolution
		{CC0086EE-9603-4B23-B106-E06BB9C272BC}.Debug|Any CPU.ActiveCfg = Debug|Any CPU
		{CC0086EE-9603-4B23-B106-E06BB9C272BC}.Debug|Any CPU.Build.0 = Debug|Any CPU
		{CC0086EE-9603-4B23-B106-E06BB9C272BC}.Release|Any CPU.ActiveCfg = Release|Any CPU
		{CC0086EE-9603-4B23-B106-E06BB9C272BC}.Release|Any CPU.Build.0 = Release|Any CPU
	EndGlobalSection
	GlobalSection(SolutionProperties) = preSolution
		HideSolutionNode = FALSE
	EndGlobalSection
	GlobalSection(ExtensibilityGlobals) = postSolution
		SolutionGuid = {BCDCD8D4-89A3-45AB-B22C-C11BF9A62B7C}
	EndGlobalSection
EndGlobal
